lockfileVersion: '9.0'

settings:
  autoInstallPeers: true
  excludeLinksFromLockfile: false

importers:

  .:
    dependencies:
      modern-screenshot:
        specifier: ^4.7.0
        version: 4.7.0

packages:

  modern-screenshot@4.7.0:
    resolution: {integrity: sha512-9YxN+ddPSMMlhylOv25VHzXrl9u67QRxoh7+SEewGtgUw7t6hHTrjptSDJUSne9oG4Xk/h2cwG15nIt4Hc9ujg==}

snapshots:

  modern-screenshot@4.7.0: {}
